
Microsoft Visual Studio Solution File, Format Version 12.00
# Visual Studio Version 16
VisualStudioVersion = 16.0.31229.75
MinimumVisualStudioVersion = 10.0.40219.1
Project("{FAE04EC0-301F-11D3-BF4B-00C04F79EFBC}") = "HizliGeliyoEcom.Core", "HizliGeliyoEcom.Core\HizliGeliyoEcom.Core.csproj", "{CF4099C0-77C9-47FA-A040-59A7A14DA75D}"
EndProject
Global
	GlobalSection(SolutionConfigurationPlatforms) = preSolution
		Debug|Any CPU = Debug|Any CPU
		Release|Any CPU = Release|Any CPU
	EndGlobalSection
	GlobalSection(ProjectConfigurationPlatforms) = postSolution
		{CF4099C0-77C9-47FA-A040-59A7A14DA75D}.Debug|Any CPU.ActiveCfg = Debug|Any CPU
		{CF4099C0-77C9-47FA-A040-59A7A14DA75D}.Debug|Any CPU.Build.0 = Debug|Any CPU
		{CF4099C0-77C9-47FA-A040-59A7A14DA75D}.Release|Any CPU.ActiveCfg = Release|Any CPU
		{CF4099C0-77C9-47FA-A040-59A7A14DA75D}.Release|Any CPU.Build.0 = Release|Any CPU
	EndGlobalSection
	GlobalSection(SolutionProperties) = preSolution
		HideSolutionNode = FALSE
	EndGlobalSection
	GlobalSection(ExtensibilityGlobals) = postSolution
		SolutionGuid = {62894B0F-7E6A-4F49-A453-9CF6BF023EEC}
	EndGlobalSection
EndGlobal
